[[tools.dasel]]
version = "2.8.1"
backend = "aqua:TomWright/dasel"

[[tools.hk]]
version = "1.20.0"
backend = "aqua:jdx/hk"

[[tools.jq]]
version = "1.8.1"
backend = "aqua:jqlang/jq"

[[tools.node]]
version = "24.11.0"
backend = "core:node"

[[tools.pkl]]
version = "0.30.0"
backend = "aqua:apple/pkl"

[[tools.prettier]]
version = "3.6.2"
backend = "npm:prettier"
